github.com/google/btree v1.0.0 h1:0udJVsspx3VBr5FwtLhQQtuAsVc79tTq0ocGIPAU6qo=
github.com/google/btree v1.0.0/go.mod h1:lNA+9X1NB3Zf8V7Ke586lFgjr2dZNuvo3lPJSGZ5JPQ=
github.com/google/netstack v0.0.0-20191123085552-55fcc16cd0eb h1:/YcrD0GSdU5gtckXHVjSEd0Y6VgboNW7VYyImZS3y6g=
github.com/google/netstack v0.0.0-20191123085552-55fcc16cd0eb/go.mod h1:r/rILWg3r1Qy9G1IFMhsqWLq2GjwuYoTuPgG7ckMAjk=
